// !$*UTF8*$!
{
	archiveVersion = 1;
	classes = {
	};
	objectVersion = 55;
	objects = {

/* Begin PBXBuildFile section */
		15E1F98227FE23F5006DB3F8 /* ImageDetailInfoView.swift in Sources */ = {isa = PBXBuildFile; fileRef = 15E1F98127FE23F5006DB3F8 /* ImageDetailInfoView.swift */; };
		15E1F9842803CC64006DB3F8 /* ImageItem.swift in Sources */ = {isa = PBXBuildFile; fileRef = 15E1F9832803CC64006DB3F8 /* ImageItem.swift */; };
		15EB6D5C27F68F94003CA437 /* zPhotoApp.swift in Sources */ = {isa = PBXBuildFile; fileRef = 15EB6D5B27F68F94003CA437 /* zPhotoApp.swift */; };
		15EB6D6027F68F9B003CA437 /* Assets.xcassets in Resources */ = {isa = PBXBuildFile; fileRef = 15EB6D5F27F68F9B003CA437 /* Assets.xcassets */; };
		15EB6D6327F68F9B003CA437 /* Preview Assets.xcassets in Resources */ = {isa = PBXBuildFile; fileRef = 15EB6D6227F68F9B003CA437 /* Preview Assets.xcassets */; };
		15EB6D6B27F691AD003CA437 /* MainView.swift in Sources */ = {isa = PBXBuildFile; fileRef = 15EB6D6A27F691AD003CA437 /* MainView.swift */; };
		15EB6D6D27F691C3003CA437 /* DropView.swift in Sources */ = {isa = PBXBuildFile; fileRef = 15EB6D6C27F691C3003CA437 /* DropView.swift */; };
		15EB6D6F27F69243003CA437 /* DirectoryView.swift in Sources */ = {isa = PBXBuildFile; fileRef = 15EB6D6E27F69243003CA437 /* DirectoryView.swift */; };
		15EB6D7127F6924D003CA437 /* ContentsView.swift in Sources */ = {isa = PBXBuildFile; fileRef = 15EB6D7027F6924D003CA437 /* ContentsView.swift */; };
		15EB6D7327F6930A003CA437 /* SourceView.swift in Sources */ = {isa = PBXBuildFile; fileRef = 15EB6D7227F6930A003CA437 /* SourceView.swift */; };
		15EB6D7527F6A639003CA437 /* ImageListView.swift in Sources */ = {isa = PBXBuildFile; fileRef = 15EB6D7427F6A639003CA437 /* ImageListView.swift */; };
		15EB6D7D27F772FE003CA437 /* CodableBundleExtension.swift in Sources */ = {isa = PBXBuildFile; fileRef = 15EB6D7C27F772FE003CA437 /* CodableBundleExtension.swift */; };
		15EB6D7F27F777DD003CA437 /* fakeImage.swift in Sources */ = {isa = PBXBuildFile; fileRef = 15EB6D7E27F777DD003CA437 /* fakeImage.swift */; };
/* End PBXBuildFile section */

/* Begin PBXFileReference section */
		15E1F98127FE23F5006DB3F8 /* ImageDetailInfoView.swift */ = {isa = PBXFileReference; lastKnownFileType = sourcecode.swift; path = ImageDetailInfoView.swift; sourceTree = "<group>"; };
		15E1F9832803CC64006DB3F8 /* ImageItem.swift */ = {isa = PBXFileReference; lastKnownFileType = sourcecode.swift; path = ImageItem.swift; sourceTree = "<group>"; };
		15EB6D5827F68F94003CA437 /* zPhoto.app */ = {isa = PBXFileReference; explicitFileType = wrapper.application; includeInIndex = 0; path = zPhoto.app; sourceTree = BUILT_PRODUCTS_DIR; };
		15EB6D5B27F68F94003CA437 /* zPhotoApp.swift */ = {isa = PBXFileReference; lastKnownFileType = sourcecode.swift; path = zPhotoApp.swift; sourceTree = "<group>"; };
		15EB6D5F27F68F9B003CA437 /* Assets.xcassets */ = {isa = PBXFileReference; lastKnownFileType = folder.assetcatalog; path = Assets.xcassets; sourceTree = "<group>"; };
		15EB6D6227F68F9B003CA437 /* Preview Assets.xcassets */ = {isa = PBXFileReference; lastKnownFileType = folder.assetcatalog; path = "Preview Assets.xcassets"; sourceTree = "<group>"; };
		15EB6D6427F68F9B003CA437 /* zPhoto.entitlements */ = {isa = PBXFileReference; lastKnownFileType = text.plist.entitlements; path = zPhoto.entitlements; sourceTree = "<group>"; };
		15EB6D6A27F691AD003CA437 /* MainView.swift */ = {isa = PBXFileReference; lastKnownFileType = sourcecode.swift; path = MainView.swift; sourceTree = "<group>"; };
		15EB6D6C27F691C3003CA437 /* DropView.swift */ = {isa = PBXFileReference; lastKnownFileType = sourcecode.swift; path = DropView.swift; sourceTree = "<group>"; };
		15EB6D6E27F69243003CA437 /* DirectoryView.swift */ = {isa = PBXFileReference; lastKnownFileType = sourcecode.swift; path = DirectoryView.swift; sourceTree = "<group>"; };
		15EB6D7027F6924D003CA437 /* ContentsView.swift */ = {isa = PBXFileReference; lastKnownFileType = sourcecode.swift; path = ContentsView.swift; sourceTree = "<group>"; };
		15EB6D7227F6930A003CA437 /* SourceView.swift */ = {isa = PBXFileReference; lastKnownFileType = sourcecode.swift; path = SourceView.swift; sourceTree = "<group>"; };
		15EB6D7427F6A639003CA437 /* ImageListView.swift */ = {isa = PBXFileReference; lastKnownFileType = sourcecode.swift; path = ImageListView.swift; sourceTree = "<group>"; };
		15EB6D7C27F772FE003CA437 /* CodableBundleExtension.swift */ = {isa = PBXFileReference; lastKnownFileType = sourcecode.swift; path = CodableBundleExtension.swift; sourceTree = "<group>"; };
		15EB6D7E27F777DD003CA437 /* fakeImage.swift */ = {isa = PBXFileReference; fileEncoding = 4; lastKnownFileType = sourcecode.swift; path = fakeImage.swift; sourceTree = "<group>"; };
/* End PBXFileReference section */

/* Begin PBXFrameworksBuildPhase section */
		15EB6D5527F68F94003CA437 /* Frameworks */ = {
			isa = PBXFrameworksBuildPhase;
			buildActionMask = 2147483647;
			files = (
			);
			runOnlyForDeploymentPostprocessing = 0;
		};
/* End PBXFrameworksBuildPhase section */

/* Begin PBXGroup section */
		15EB6D4F27F68F94003CA437 = {
			isa = PBXGroup;
			children = (
				15EB6D5A27F68F94003CA437 /* zPhoto */,
				15EB6D5927F68F94003CA437 /* Products */,
			);
			sourceTree = "<group>";
		};
		15EB6D5927F68F94003CA437 /* Products */ = {
			isa = PBXGroup;
			children = (
				15EB6D5827F68F94003CA437 /* zPhoto.app */,
			);
			name = Products;
			sourceTree = "<group>";
		};
		15EB6D5A27F68F94003CA437 /* zPhoto */ = {
			isa = PBXGroup;
			children = (
				15EB6D7B27F772E6003CA437 /* Extension */,
				15EB6D7627F74B83003CA437 /* Data */,
				15EB6D7227F6930A003CA437 /* SourceView.swift */,
				15EB6D6C27F691C3003CA437 /* DropView.swift */,
				15EB6D6A27F691AD003CA437 /* MainView.swift */,
				15EB6D6E27F69243003CA437 /* DirectoryView.swift */,
				15E1F98127FE23F5006DB3F8 /* ImageDetailInfoView.swift */,
				15EB6D7027F6924D003CA437 /* ContentsView.swift */,
				15EB6D7427F6A639003CA437 /* ImageListView.swift */,
				15EB6D5B27F68F94003CA437 /* zPhotoApp.swift */,
				15EB6D5F27F68F9B003CA437 /* Assets.xcassets */,
				15EB6D6427F68F9B003CA437 /* zPhoto.entitlements */,
				15EB6D6127F68F9B003CA437 /* Preview Content */,
			);
			path = zPhoto;
			sourceTree = "<group>";
		};
		15EB6D6127F68F9B003CA437 /* Preview Content */ = {
			isa = PBXGroup;
			children = (
				15EB6D6227F68F9B003CA437 /* Preview Assets.xcassets */,
			);
			path = "Preview Content";
			sourceTree = "<group>";
		};
		15EB6D7627F74B83003CA437 /* Data */ = {
			isa = PBXGroup;
			children = (
				15EB6D7E27F777DD003CA437 /* fakeImage.swift */,
				15E1F9832803CC64006DB3F8 /* ImageItem.swift */,
			);
			path = Data;
			sourceTree = "<group>";
		};
		15EB6D7B27F772E6003CA437 /* Extension */ = {
			isa = PBXGroup;
			children = (
				15EB6D7C27F772FE003CA437 /* CodableBundleExtension.swift */,
			);
			path = Extension;
			sourceTree = "<group>";
		};
/* End PBXGroup section */

/* Begin PBXNativeTarget section */
		15EB6D5727F68F94003CA437 /* zPhoto */ = {
			isa = PBXNativeTarget;
			buildConfigurationList = 15EB6D6727F68F9B003CA437 /* Build configuration list for PBXNativeTarget "zPhoto" */;
			buildPhases = (
				15EB6D5427F68F94003CA437 /* Sources */,
				15EB6D5527F68F94003CA437 /* Frameworks */,
				15EB6D5627F68F94003CA437 /* Resources */,
			);
			buildRules = (
			);
			dependencies = (
			);
			name = zPhoto;
			productName = zPhoto;
			productReference = 15EB6D5827F68F94003CA437 /* zPhoto.app */;
			productType = "com.apple.product-type.application";
		};
/* End PBXNativeTarget section */

/* Begin PBXProject section */
		15EB6D5027F68F94003CA437 /* Project object */ = {
			isa = PBXProject;
			attributes = {
				BuildIndependentTargetsInParallel = 1;
				LastSwiftUpdateCheck = 1320;
				LastUpgradeCheck = 1320;
				TargetAttributes = {
					15EB6D5727F68F94003CA437 = {
						CreatedOnToolsVersion = 13.2.1;
					};
				};
			};
			buildConfigurationList = 15EB6D5327F68F94003CA437 /* Build configuration list for PBXProject "zPhoto" */;
			compatibilityVersion = "Xcode 13.0";
			developmentRegion = en;
			hasScannedForEncodings = 0;
			knownRegions = (
				en,
				Base,
			);
			mainGroup = 15EB6D4F27F68F94003CA437;
			productRefGroup = 15EB6D5927F68F94003CA437 /* Products */;
			projectDirPath = "";
			projectRoot = "";
			targets = (
				15EB6D5727F68F94003CA437 /* zPhoto */,
			);
		};
/* End PBXProject section */

/* Begin PBXResourcesBuildPhase section */
		15EB6D5627F68F94003CA437 /* Resources */ = {
			isa = PBXResourcesBuildPhase;
			buildActionMask = 2147483647;
			files = (
				15EB6D6327F68F9B003CA437 /* Preview Assets.xcassets in Resources */,
				15EB6D6027F68F9B003CA437 /* Assets.xcassets in Resources */,
			);
			runOnlyForDeploymentPostprocessing = 0;
		};
/* End PBXResourcesBuildPhase section */

/* Begin PBXSourcesBuildPhase section */
		15EB6D5427F68F94003CA437 /* Sources */ = {
			isa = PBXSourcesBuildPhase;
			buildActionMask = 2147483647;
			files = (
				15EB6D7D27F772FE003CA437 /* CodableBundleExtension.swift in Sources */,
				15EB6D7127F6924D003CA437 /* ContentsView.swift in Sources */,
				15EB6D6D27F691C3003CA437 /* DropView.swift in Sources */,
				15EB6D6B27F691AD003CA437 /* MainView.swift in Sources */,
				15EB6D7527F6A639003CA437 /* ImageListView.swift in Sources */,
				15EB6D7327F6930A003CA437 /* SourceView.swift in Sources */,
				15E1F9842803CC64006DB3F8 /* ImageItem.swift in Sources */,
				15EB6D7F27F777DD003CA437 /* fakeImage.swift in Sources */,
				15E1F98227FE23F5006DB3F8 /* ImageDetailInfoView.swift in Sources */,
				15EB6D5C27F68F94003CA437 /* zPhotoApp.swift in Sources */,
				15EB6D6F27F69243003CA437 /* DirectoryView.swift in Sources */,
			);
			runOnlyForDeploymentPostprocessing = 0;
		};
/* End PBXSourcesBuildPhase section */

/* Begin XCBuildConfiguration section */
		15EB6D6527F68F9B003CA437 /* Debug */ = {
			isa = XCBuildConfiguration;
			buildSettings = {
				ALWAYS_SEARCH_USER_PATHS = NO;
				CLANG_ANALYZER_NONNULL = YES;
				CLANG_ANALYZER_NUMBER_OBJECT_CONVERSION = YES_AGGRESSIVE;
				CLANG_CXX_LANGUAGE_STANDARD = "gnu++17";
				CLANG_CXX_LIBRARY = "libc++";
				CLANG_ENABLE_MODULES = YES;
				CLANG_ENABLE_OBJC_ARC = YES;
				CLANG_ENABLE_OBJC_WEAK = YES;
				CLANG_WARN_BLOCK_CAPTURE_AUTORELEASING = YES;
				CLANG_WARN_BOOL_CONVERSION = YES;
				CLANG_WARN_COMMA = YES;
				CLANG_WARN_CONSTANT_CONVERSION = YES;
				CLANG_WARN_DEPRECATED_OBJC_IMPLEMENTATIONS = YES;
				CLANG_WARN_DIRECT_OBJC_ISA_USAGE = YES_ERROR;
				CLANG_WARN_DOCUMENTATION_COMMENTS = YES;
				CLANG_WARN_EMPTY_BODY = YES;
				CLANG_WARN_ENUM_CONVERSION = YES;
				CLANG_WARN_INFINITE_RECURSION = YES;
				CLANG_WARN_INT_CONVERSION = YES;
				CLANG_WARN_NON_LITERAL_NULL_CONVERSION = YES;
				CLANG_WARN_OBJC_IMPLICIT_RETAIN_SELF = YES;
				CLANG_WARN_OBJC_LITERAL_CONVERSION = YES;
				CLANG_WARN_OBJC_ROOT_CLASS = YES_ERROR;
				CLANG_WARN_QUOTED_INCLUDE_IN_FRAMEWORK_HEADER = YES;
				CLANG_WARN_RANGE_LOOP_ANALYSIS = YES;
				CLANG_WARN_STRICT_PROTOTYPES = YES;
				CLANG_WARN_SUSPICIOUS_MOVE = YES;
				CLANG_WARN_UNGUARDED_AVAILABILITY = YES_AGGRESSIVE;
				CLANG_WARN_UNREACHABLE_CODE = YES;
				CLANG_WARN__DUPLICATE_METHOD_MATCH = YES;
				COPY_PHASE_STRIP = NO;
				DEBUG_INFORMATION_FORMAT = dwarf;
				ENABLE_STRICT_OBJC_MSGSEND = YES;
				ENABLE_TESTABILITY = YES;
				GCC_C_LANGUAGE_STANDARD = gnu11;
				GCC_DYNAMIC_NO_PIC = NO;
				GCC_NO_COMMON_BLOCKS = YES;
				GCC_OPTIMIZATION_LEVEL = 0;
				GCC_PREPROCESSOR_DEFINITIONS = (
					"DEBUG=1",
					"$(inherited)",
				);
				GCC_WARN_64_TO_32_BIT_CONVERSION = YES;
				GCC_WARN_ABOUT_RETURN_TYPE = YES_ERROR;
				GCC_WARN_UNDECLARED_SELECTOR = YES;
				GCC_WARN_UNINITIALIZED_AUTOS = YES_AGGRESSIVE;
				GCC_WARN_UNUSED_FUNCTION = YES;
				GCC_WARN_UNUSED_VARIABLE = YES;
				MACOSX_DEPLOYMENT_TARGET = 11.5;
				MTL_ENABLE_DEBUG_INFO = INCLUDE_SOURCE;
				MTL_FAST_MATH = YES;
				ONLY_ACTIVE_ARCH = YES;
				SDKROOT = macosx;
				SWIFT_ACTIVE_COMPILATION_CONDITIONS = DEBUG;
				SWIFT_OPTIMIZATION_LEVEL = "-Onone";
			};
			name = Debug;
		};
		15EB6D6627F68F9B003CA437 /* Release */ = {
			isa = XCBuildConfiguration;
			buildSettings = {
				ALWAYS_SEARCH_USER_PATHS = NO;
				CLANG_ANALYZER_NONNULL = YES;
				CLANG_ANALYZER_NUMBER_OBJECT_CONVERSION = YES_AGGRESSIVE;
				CLANG_CXX_LANGUAGE_STANDARD = "gnu++17";
				CLANG_CXX_LIBRARY = "libc++";
				CLANG_ENABLE_MODULES = YES;
				CLANG_ENABLE_OBJC_ARC = YES;
				CLANG_ENABLE_OBJC_WEAK = YES;
				CLANG_WARN_BLOCK_CAPTURE_AUTORELEASING = YES;
				CLANG_WARN_BOOL_CONVERSION = YES;
				CLANG_WARN_COMMA = YES;
				CLANG_WARN_CONSTANT_CONVERSION = YES;
				CLANG_WARN_DEPRECATED_OBJC_IMPLEMENTATIONS = YES;
				CLANG_WARN_DIRECT_OBJC_ISA_USAGE = YES_ERROR;
				CLANG_WARN_DOCUMENTATION_COMMENTS = YES;
				CLANG_WARN_EMPTY_BODY = YES;
				CLANG_WARN_ENUM_CONVERSION = YES;
				CLANG_WARN_INFINITE_RECURSION = YES;
				CLANG_WARN_INT_CONVERSION = YES;
				CLANG_WARN_NON_LITERAL_NULL_CONVERSION = YES;
				CLANG_WARN_OBJC_IMPLICIT_RETAIN_SELF = YES;
				CLANG_WARN_OBJC_LITERAL_CONVERSION = YES;
				CLANG_WARN_OBJC_ROOT_CLASS = YES_ERROR;
				CLANG_WARN_QUOTED_INCLUDE_IN_FRAMEWORK_HEADER = YES;
				CLANG_WARN_RANGE_LOOP_ANALYSIS = YES;
				CLANG_WARN_STRICT_PROTOTYPES = YES;
				CLANG_WARN_SUSPICIOUS_MOVE = YES;
				CLANG_WARN_UNGUARDED_AVAILABILITY = YES_AGGRESSIVE;
				CLANG_WARN_UNREACHABLE_CODE = YES;
				CLANG_WARN__DUPLICATE_METHOD_MATCH = YES;
				COPY_PHASE_STRIP = NO;
				DEBUG_INFORMATION_FORMAT = "dwarf-with-dsym";
				ENABLE_NS_ASSERTIONS = NO;
				ENABLE_STRICT_OBJC_MSGSEND = YES;
				GCC_C_LANGUAGE_STANDARD = gnu11;
				GCC_NO_COMMON_BLOCKS = YES;
				GCC_WARN_64_TO_32_BIT_CONVERSION = YES;
				GCC_WARN_ABOUT_RETURN_TYPE = YES_ERROR;
				GCC_WARN_UNDECLARED_SELECTOR = YES;
				GCC_WARN_UNINITIALIZED_AUTOS = YES_AGGRESSIVE;
				GCC_WARN_UNUSED_FUNCTION = YES;
				GCC_WARN_UNUSED_VARIABLE = YES;
				MACOSX_DEPLOYMENT_TARGET = 11.5;
				MTL_ENABLE_DEBUG_INFO = NO;
				MTL_FAST_MATH = YES;
				SDKROOT = macosx;
				SWIFT_COMPILATION_MODE = wholemodule;
				SWIFT_OPTIMIZATION_LEVEL = "-O";
			};
			name = Release;
		};
		15EB6D6827F68F9B003CA437 /* Debug */ = {
			isa = XCBuildConfiguration;
			buildSettings = {
				ASSETCATALOG_COMPILER_APPICON_NAME = AppIcon;
				ASSETCATALOG_COMPILER_GLOBAL_ACCENT_COLOR_NAME = AccentColor;
				CODE_SIGN_ENTITLEMENTS = zPhoto/zPhoto.entitlements;
				CODE_SIGN_STYLE = Automatic;
				COMBINE_HIDPI_IMAGES = YES;
				CURRENT_PROJECT_VERSION = 1;
				DEVELOPMENT_ASSET_PATHS = "\"zPhoto/Preview Content\"";
				DEVELOPMENT_TEAM = TZ68TG9W3Q;
				ENABLE_HARDENED_RUNTIME = YES;
				ENABLE_PREVIEWS = YES;
				GENERATE_INFOPLIST_FILE = YES;
				INFOPLIST_KEY_NSHumanReadableCopyright = "";
				LD_RUNPATH_SEARCH_PATHS = (
					"$(inherited)",
					"@executable_path/../Frameworks",
				);
				MARKETING_VERSION = 1.0;
				PRODUCT_BUNDLE_IDENTIFIER = com.ryanzistudio.zPhoto;
				PRODUCT_NAME = "$(TARGET_NAME)";
				SWIFT_EMIT_LOC_STRINGS = YES;
				SWIFT_VERSION = 5.0;
			};
			name = Debug;
		};
		15EB6D6927F68F9B003CA437 /* Release */ = {
			isa = XCBuildConfiguration;
			buildSettings = {
				ASSETCATALOG_COMPILER_APPICON_NAME = AppIcon;
				ASSETCATALOG_COMPILER_GLOBAL_ACCENT_COLOR_NAME = AccentColor;
				CODE_SIGN_ENTITLEMENTS = zPhoto/zPhoto.entitlements;
				CODE_SIGN_STYLE = Automatic;
				COMBINE_HIDPI_IMAGES = YES;
				CURRENT_PROJECT_VERSION = 1;
				DEVELOPMENT_ASSET_PATHS = "\"zPhoto/Preview Content\"";
				DEVELOPMENT_TEAM = TZ68TG9W3Q;
				ENABLE_HARDENED_RUNTIME = YES;
				ENABLE_PREVIEWS = YES;
				GENERATE_INFOPLIST_FILE = YES;
				INFOPLIST_KEY_NSHumanReadableCopyright = "";
				LD_RUNPATH_SEARCH_PATHS = (
					"$(inherited)",
					"@executable_path/../Frameworks",
				);
				MARKETING_VERSION = 1.0;
				PRODUCT_BUNDLE_IDENTIFIER = com.ryanzistudio.zPhoto;
				PRODUCT_NAME = "$(TARGET_NAME)";
				SWIFT_EMIT_LOC_STRINGS = YES;
				SWIFT_VERSION = 5.0;
			};
			name = Release;
		};
/* End XCBuildConfiguration section */

/* Begin XCConfigurationList section */
		15EB6D5327F68F94003CA437 /* Build configuration list for PBXProject "zPhoto" */ = {
			isa = XCConfigurationList;
			buildConfigurations = (
				15EB6D6527F68F9B003CA437 /* Debug */,
				15EB6D6627F68F9B003CA437 /* Release */,
			);
			defaultConfigurationIsVisible = 0;
			defaultConfigurationName = Release;
		};
		15EB6D6727F68F9B003CA437 /* Build configuration list for PBXNativeTarget "zPhoto" */ = {
			isa = XCConfigurationList;
			buildConfigurations = (
				15EB6D6827F68F9B003CA437 /* Debug */,
				15EB6D6927F68F9B003CA437 /* Release */,
			);
			defaultConfigurationIsVisible = 0;
			defaultConfigurationName = Release;
		};
/* End XCConfigurationList section */
	};
	rootObject = 15EB6D5027F68F94003CA437 /* Project object */;
}
